
Microsoft Visual Studio Solution File, Format Version 12.00
# Visual Studio Version 16
VisualStudioVersion = 16.0.31727.386
MinimumVisualStudioVersion = 10.0.40219.1
Project("{FAE04EC0-301F-11D3-BF4B-00C04F79EFBC}") = "CalorieCounter.UWP", "CalorieCounter\CalorieCounter.UWP\CalorieCounter.UWP.csproj", "{65AC9B61-C811-48EC-BAC8-0B57C7223BAB}"
EndProject
Project("{FAE04EC0-301F-11D3-BF4B-00C04F79EFBC}") = "CalorieCounter", "CalorieCounter\CalorieCounter\CalorieCounter.csproj", "{624B4BE3-4436-4BB8-BE43-2510B16C54F4}"
EndProject
Global
	GlobalSection(SolutionConfigurationPlatforms) = preSolution
		Debug|Any CPU = Debug|Any CPU
		Debug|ARM = Debug|ARM
		Debug|x64 = Debug|x64
		Debug|x86 = Debug|x86
		Release|Any CPU = Release|Any CPU
		Release|ARM = Release|ARM
		Release|x64 = Release|x64
		Release|x86 = Release|x86
	EndGlobalSection
	GlobalSection(ProjectConfigurationPlatforms) = postSolution
		{65AC9B61-C811-48EC-BAC8-0B57C7223BAB}.Debug|Any CPU.ActiveCfg = Debug|x86
		{65AC9B61-C811-48EC-BAC8-0B57C7223BAB}.Debug|Any CPU.Build.0 = Debug|x86
		{65AC9B61-C811-48EC-BAC8-0B57C7223BAB}.Debug|Any CPU.Deploy.0 = Debug|x86
		{65AC9B61-C811-48EC-BAC8-0B57C7223BAB}.Debug|ARM.ActiveCfg = Debug|ARM
		{65AC9B61-C811-48EC-BAC8-0B57C7223BAB}.Debug|ARM.Build.0 = Debug|ARM
		{65AC9B61-C811-48EC-BAC8-0B57C7223BAB}.Debug|ARM.Deploy.0 = Debug|ARM
		{65AC9B61-C811-48EC-BAC8-0B57C7223BAB}.Debug|x64.ActiveCfg = Debug|x64
		{65AC9B61-C811-48EC-BAC8-0B57C7223BAB}.Debug|x64.Build.0 = Debug|x64
		{65AC9B61-C811-48EC-BAC8-0B57C7223BAB}.Debug|x64.Deploy.0 = Debug|x64
		{65AC9B61-C811-48EC-BAC8-0B57C7223BAB}.Debug|x86.ActiveCfg = Debug|x86
		{65AC9B61-C811-48EC-BAC8-0B57C7223BAB}.Debug|x86.Build.0 = Debug|x86
		{65AC9B61-C811-48EC-BAC8-0B57C7223BAB}.Debug|x86.Deploy.0 = Debug|x86
		{65AC9B61-C811-48EC-BAC8-0B57C7223BAB}.Release|Any CPU.ActiveCfg = Release|x86
		{65AC9B61-C811-48EC-BAC8-0B57C7223BAB}.Release|Any CPU.Build.0 = Release|x86
		{65AC9B61-C811-48EC-BAC8-0B57C7223BAB}.Release|Any CPU.Deploy.0 = Release|x86
		{65AC9B61-C811-48EC-BAC8-0B57C7223BAB}.Release|ARM.ActiveCfg = Release|ARM
		{65AC9B61-C811-48EC-BAC8-0B57C7223BAB}.Release|ARM.Build.0 = Release|ARM
		{65AC9B61-C811-48EC-BAC8-0B57C7223BAB}.Release|ARM.Deploy.0 = Release|ARM
		{65AC9B61-C811-48EC-BAC8-0B57C7223BAB}.Release|x64.ActiveCfg = Release|x64
		{65AC9B61-C811-48EC-BAC8-0B57C7223BAB}.Release|x64.Build.0 = Release|x64
		{65AC9B61-C811-48EC-BAC8-0B57C7223BAB}.Release|x64.Deploy.0 = Release|x64
		{65AC9B61-C811-48EC-BAC8-0B57C7223BAB}.Release|x86.ActiveCfg = Release|x86
		{65AC9B61-C811-48EC-BAC8-0B57C7223BAB}.Release|x86.Build.0 = Release|x86
		{65AC9B61-C811-48EC-BAC8-0B57C7223BAB}.Release|x86.Deploy.0 = Release|x86
		{624B4BE3-4436-4BB8-BE43-2510B16C54F4}.Debug|Any CPU.ActiveCfg = Debug|Any CPU
		{624B4BE3-4436-4BB8-BE43-2510B16C54F4}.Debug|Any CPU.Build.0 = Debug|Any CPU
		{624B4BE3-4436-4BB8-BE43-2510B16C54F4}.Debug|Any CPU.Deploy.0 = Debug|Any CPU
		{624B4BE3-4436-4BB8-BE43-2510B16C54F4}.Debug|ARM.ActiveCfg = Debug|Any CPU
		{624B4BE3-4436-4BB8-BE43-2510B16C54F4}.Debug|ARM.Build.0 = Debug|Any CPU
		{624B4BE3-4436-4BB8-BE43-2510B16C54F4}.Debug|ARM.Deploy.0 = Debug|Any CPU
		{624B4BE3-4436-4BB8-BE43-2510B16C54F4}.Debug|x64.ActiveCfg = Debug|Any CPU
		{624B4BE3-4436-4BB8-BE43-2510B16C54F4}.Debug|x64.Build.0 = Debug|Any CPU
		{624B4BE3-4436-4BB8-BE43-2510B16C54F4}.Debug|x64.Deploy.0 = Debug|Any CPU
		{624B4BE3-4436-4BB8-BE43-2510B16C54F4}.Debug|x86.ActiveCfg = Debug|Any CPU
		{624B4BE3-4436-4BB8-BE43-2510B16C54F4}.Debug|x86.Build.0 = Debug|Any CPU
		{624B4BE3-4436-4BB8-BE43-2510B16C54F4}.Debug|x86.Deploy.0 = Debug|Any CPU
		{624B4BE3-4436-4BB8-BE43-2510B16C54F4}.Release|Any CPU.ActiveCfg = Release|Any CPU
		{624B4BE3-4436-4BB8-BE43-2510B16C54F4}.Release|Any CPU.Build.0 = Release|Any CPU
		{624B4BE3-4436-4BB8-BE43-2510B16C54F4}.Release|Any CPU.Deploy.0 = Release|Any CPU
		{624B4BE3-4436-4BB8-BE43-2510B16C54F4}.Release|ARM.ActiveCfg = Release|Any CPU
		{624B4BE3-4436-4BB8-BE43-2510B16C54F4}.Release|ARM.Build.0 = Release|Any CPU
		{624B4BE3-4436-4BB8-BE43-2510B16C54F4}.Release|ARM.Deploy.0 = Release|Any CPU
		{624B4BE3-4436-4BB8-BE43-2510B16C54F4}.Release|x64.ActiveCfg = Release|Any CPU
		{624B4BE3-4436-4BB8-BE43-2510B16C54F4}.Release|x64.Build.0 = Release|Any CPU
		{624B4BE3-4436-4BB8-BE43-2510B16C54F4}.Release|x64.Deploy.0 = Release|Any CPU
		{624B4BE3-4436-4BB8-BE43-2510B16C54F4}.Release|x86.ActiveCfg = Release|Any CPU
		{624B4BE3-4436-4BB8-BE43-2510B16C54F4}.Release|x86.Build.0 = Release|Any CPU
		{624B4BE3-4436-4BB8-BE43-2510B16C54F4}.Release|x86.Deploy.0 = Release|Any CPU
	EndGlobalSection
	GlobalSection(SolutionProperties) = preSolution
		HideSolutionNode = FALSE
	EndGlobalSection
	GlobalSection(ExtensibilityGlobals) = postSolution
		SolutionGuid = {9E5EFBFF-35F8-45F7-ABFF-6BF6A3369281}
	EndGlobalSection
EndGlobal
